// !$*UTF8*$!
{
	archiveVersion = 1;
	classes = {
	};
	objectVersion = 56;
	objects = {

/* Begin PBXBuildFile section */
		E10000010000000000000001 /* TangoKadoApp.swift in Sources */ = {isa = PBXBuildFile; fileRef = E10000020000000000000001 /* TangoKadoApp.swift */; };
		E10000010000000000000002 /* ContentView.swift in Sources */ = {isa = PBXBuildFile; fileRef = E10000020000000000000002 /* ContentView.swift */; };
		E10000010000000000000003 /* Assets.xcassets in Resources */ = {isa = PBXBuildFile; fileRef = E10000020000000000000003 /* Assets.xcassets */; };
		E10000010000000000000004 /* Preview Assets.xcassets in Resources */ = {isa = PBXBuildFile; fileRef = E10000020000000000000004 /* Preview Assets.xcassets */; };
		E10000010000000000000005 /* Flashcard.swift in Sources */ = {isa = PBXBuildFile; fileRef = E10000020000000000000005 /* Flashcard.swift */; };
		E10000010000000000000006 /* Deck.swift in Sources */ = {isa = PBXBuildFile; fileRef = E10000020000000000000006 /* Deck.swift */; };
		E10000010000000000000007 /* FlashcardView.swift in Sources */ = {isa = PBXBuildFile; fileRef = E10000020000000000000007 /* FlashcardView.swift */; };
		E10000010000000000000008 /* DeckListView.swift in Sources */ = {isa = PBXBuildFile; fileRef = E10000020000000000000008 /* DeckListView.swift */; };
		E10000010000000000000009 /* StudySessionView.swift in Sources */ = {isa = PBXBuildFile; fileRef = E10000020000000000000009 /* StudySessionView.swift */; };
		E10000010000000000000010 /* AddCardView.swift in Sources */ = {isa = PBXBuildFile; fileRef = E10000020000000000000010 /* AddCardView.swift */; };
		E10000010000000000000011 /* AddDeckView.swift in Sources */ = {isa = PBXBuildFile; fileRef = E10000020000000000000011 /* AddDeckView.swift */; };
		E10000010000000000000012 /* SeedDataManager.swift in Sources */ = {isa = PBXBuildFile; fileRef = E10000020000000000000012 /* SeedDataManager.swift */; };
		E10000010000000000000013 /* ItalianWords.swift in Sources */ = {isa = PBXBuildFile; fileRef = E10000020000000000000013 /* ItalianWords.swift */; };
		E10000010000000000000014 /* RussianWords.swift in Sources */ = {isa = PBXBuildFile; fileRef = E10000020000000000000014 /* RussianWords.swift */; };
		E10000010000000000000015 /* JapaneseWords.swift in Sources */ = {isa = PBXBuildFile; fileRef = E10000020000000000000015 /* JapaneseWords.swift */; };
		E10000010000000000000016 /* DutchWords.swift in Sources */ = {isa = PBXBuildFile; fileRef = E10000020000000000000016 /* DutchWords.swift */; };
		E10000010000000000000017 /* GermanWords.swift in Sources */ = {isa = PBXBuildFile; fileRef = E10000020000000000000017 /* GermanWords.swift */; };
		E10000010000000000000018 /* SpeechHelper.swift in Sources */ = {isa = PBXBuildFile; fileRef = E10000020000000000000018 /* SpeechHelper.swift */; };
		E10000010000000000000019 /* CroatianWords.swift in Sources */ = {isa = PBXBuildFile; fileRef = E10000020000000000000019 /* CroatianWords.swift */; };
		E10000010000000000000020 /* LanguageRegistry.swift in Sources */ = {isa = PBXBuildFile; fileRef = E10000020000000000000020 /* LanguageRegistry.swift */; };
		E10000010000000000000021 /* AddLanguageView.swift in Sources */ = {isa = PBXBuildFile; fileRef = E10000020000000000000021 /* AddLanguageView.swift */; };
		E10000010000000000000022 /* WelcomeView.swift in Sources */ = {isa = PBXBuildFile; fileRef = E10000020000000000000022 /* WelcomeView.swift */; };
		E10000010000000000000023 /* SpanishWords.swift in Sources */ = {isa = PBXBuildFile; fileRef = E10000020000000000000023 /* SpanishWords.swift */; };
		E10000010000000000000024 /* FrenchWords.swift in Sources */ = {isa = PBXBuildFile; fileRef = E10000020000000000000024 /* FrenchWords.swift */; };
		E10000010000000000000025 /* PortugueseWords.swift in Sources */ = {isa = PBXBuildFile; fileRef = E10000020000000000000025 /* PortugueseWords.swift */; };
		E10000010000000000000026 /* KoreanWords.swift in Sources */ = {isa = PBXBuildFile; fileRef = E10000020000000000000026 /* KoreanWords.swift */; };
		E10000010000000000000027 /* ChineseWords.swift in Sources */ = {isa = PBXBuildFile; fileRef = E10000020000000000000027 /* ChineseWords.swift */; };
		E10000010000000000000028 /* TurkishWords.swift in Sources */ = {isa = PBXBuildFile; fileRef = E10000020000000000000028 /* TurkishWords.swift */; };
		E10000010000000000000029 /* PolishWords.swift in Sources */ = {isa = PBXBuildFile; fileRef = E10000020000000000000029 /* PolishWords.swift */; };
		E10000010000000000000030 /* ArabicWords.swift in Sources */ = {isa = PBXBuildFile; fileRef = E10000020000000000000030 /* ArabicWords.swift */; };
/* End PBXBuildFile section */

/* Begin PBXFileReference section */
		E10000020000000000000001 /* TangoKadoApp.swift */ = {isa = PBXFileReference; lastKnownFileType = sourcecode.swift; path = TangoKadoApp.swift; sourceTree = "<group>"; };
		E10000020000000000000002 /* ContentView.swift */ = {isa = PBXFileReference; lastKnownFileType = sourcecode.swift; path = ContentView.swift; sourceTree = "<group>"; };
		E10000020000000000000003 /* Assets.xcassets */ = {isa = PBXFileReference; lastKnownFileType = folder.assetcatalog; path = Assets.xcassets; sourceTree = "<group>"; };
		E10000020000000000000004 /* Preview Assets.xcassets */ = {isa = PBXFileReference; lastKnownFileType = folder.assetcatalog; path = "Preview Assets.xcassets"; sourceTree = "<group>"; };
		E10000020000000000000005 /* Flashcard.swift */ = {isa = PBXFileReference; lastKnownFileType = sourcecode.swift; path = Flashcard.swift; sourceTree = "<group>"; };
		E10000020000000000000006 /* Deck.swift */ = {isa = PBXFileReference; lastKnownFileType = sourcecode.swift; path = Deck.swift; sourceTree = "<group>"; };
		E10000020000000000000007 /* FlashcardView.swift */ = {isa = PBXFileReference; lastKnownFileType = sourcecode.swift; path = FlashcardView.swift; sourceTree = "<group>"; };
		E10000020000000000000008 /* DeckListView.swift */ = {isa = PBXFileReference; lastKnownFileType = sourcecode.swift; path = DeckListView.swift; sourceTree = "<group>"; };
		E10000020000000000000009 /* StudySessionView.swift */ = {isa = PBXFileReference; lastKnownFileType = sourcecode.swift; path = StudySessionView.swift; sourceTree = "<group>"; };
		E10000020000000000000010 /* AddCardView.swift */ = {isa = PBXFileReference; lastKnownFileType = sourcecode.swift; path = AddCardView.swift; sourceTree = "<group>"; };
		E10000020000000000000011 /* AddDeckView.swift */ = {isa = PBXFileReference; lastKnownFileType = sourcecode.swift; path = AddDeckView.swift; sourceTree = "<group>"; };
		E10000020000000000000012 /* SeedDataManager.swift */ = {isa = PBXFileReference; lastKnownFileType = sourcecode.swift; path = SeedDataManager.swift; sourceTree = "<group>"; };
		E10000020000000000000013 /* ItalianWords.swift */ = {isa = PBXFileReference; lastKnownFileType = sourcecode.swift; path = ItalianWords.swift; sourceTree = "<group>"; };
		E10000020000000000000014 /* RussianWords.swift */ = {isa = PBXFileReference; lastKnownFileType = sourcecode.swift; path = RussianWords.swift; sourceTree = "<group>"; };
		E10000020000000000000015 /* JapaneseWords.swift */ = {isa = PBXFileReference; lastKnownFileType = sourcecode.swift; path = JapaneseWords.swift; sourceTree = "<group>"; };
		E10000020000000000000016 /* DutchWords.swift */ = {isa = PBXFileReference; lastKnownFileType = sourcecode.swift; path = DutchWords.swift; sourceTree = "<group>"; };
		E10000020000000000000017 /* GermanWords.swift */ = {isa = PBXFileReference; lastKnownFileType = sourcecode.swift; path = GermanWords.swift; sourceTree = "<group>"; };
		E10000020000000000000018 /* SpeechHelper.swift */ = {isa = PBXFileReference; lastKnownFileType = sourcecode.swift; path = SpeechHelper.swift; sourceTree = "<group>"; };
		E10000020000000000000019 /* CroatianWords.swift */ = {isa = PBXFileReference; lastKnownFileType = sourcecode.swift; path = CroatianWords.swift; sourceTree = "<group>"; };
		E10000020000000000000020 /* LanguageRegistry.swift */ = {isa = PBXFileReference; lastKnownFileType = sourcecode.swift; path = LanguageRegistry.swift; sourceTree = "<group>"; };
		E10000020000000000000021 /* AddLanguageView.swift */ = {isa = PBXFileReference; lastKnownFileType = sourcecode.swift; path = AddLanguageView.swift; sourceTree = "<group>"; };
		E10000020000000000000022 /* WelcomeView.swift */ = {isa = PBXFileReference; lastKnownFileType = sourcecode.swift; path = WelcomeView.swift; sourceTree = "<group>"; };
		E10000020000000000000023 /* SpanishWords.swift */ = {isa = PBXFileReference; lastKnownFileType = sourcecode.swift; path = SpanishWords.swift; sourceTree = "<group>"; };
		E10000020000000000000024 /* FrenchWords.swift */ = {isa = PBXFileReference; lastKnownFileType = sourcecode.swift; path = FrenchWords.swift; sourceTree = "<group>"; };
		E10000020000000000000025 /* PortugueseWords.swift */ = {isa = PBXFileReference; lastKnownFileType = sourcecode.swift; path = PortugueseWords.swift; sourceTree = "<group>"; };
		E10000020000000000000026 /* KoreanWords.swift */ = {isa = PBXFileReference; lastKnownFileType = sourcecode.swift; path = KoreanWords.swift; sourceTree = "<group>"; };
		E10000020000000000000027 /* ChineseWords.swift */ = {isa = PBXFileReference; lastKnownFileType = sourcecode.swift; path = ChineseWords.swift; sourceTree = "<group>"; };
		E10000020000000000000028 /* TurkishWords.swift */ = {isa = PBXFileReference; lastKnownFileType = sourcecode.swift; path = TurkishWords.swift; sourceTree = "<group>"; };
		E10000020000000000000029 /* PolishWords.swift */ = {isa = PBXFileReference; lastKnownFileType = sourcecode.swift; path = PolishWords.swift; sourceTree = "<group>"; };
		E10000020000000000000030 /* ArabicWords.swift */ = {isa = PBXFileReference; lastKnownFileType = sourcecode.swift; path = ArabicWords.swift; sourceTree = "<group>"; };
		E10000030000000000000001 /* TangoKado.app */ = {isa = PBXFileReference; explicitFileType = wrapper.application; includeInIndex = 0; path = TangoKado.app; sourceTree = BUILT_PRODUCTS_DIR; };
/* End PBXFileReference section */

/* Begin PBXFrameworksBuildPhase section */
		E10000040000000000000001 /* Frameworks */ = {
			isa = PBXFrameworksBuildPhase;
			buildActionMask = 2147483647;
			files = (
			);
			runOnlyForDeploymentPostprocessing = 0;
		};
/* End PBXFrameworksBuildPhase section */

/* Begin PBXGroup section */
		E10000050000000000000001 = {
			isa = PBXGroup;
			children = (
				E10000050000000000000002 /* TangoKado */,
				E10000050000000000000005 /* Products */,
			);
			sourceTree = "<group>";
		};
		E10000050000000000000002 /* TangoKado */ = {
			isa = PBXGroup;
			children = (
				E10000020000000000000001 /* TangoKadoApp.swift */,
				E10000020000000000000002 /* ContentView.swift */,
				E10000020000000000000018 /* SpeechHelper.swift */,
				E10000050000000000000003 /* Models */,
				E10000050000000000000004 /* Views */,
				E10000050000000000000007 /* Data */,
				E10000020000000000000003 /* Assets.xcassets */,
				E10000050000000000000006 /* Preview Content */,
			);
			path = TangoKado;
			sourceTree = "<group>";
		};
		E10000050000000000000003 /* Models */ = {
			isa = PBXGroup;
			children = (
				E10000020000000000000005 /* Flashcard.swift */,
				E10000020000000000000006 /* Deck.swift */,
			);
			path = Models;
			sourceTree = "<group>";
		};
		E10000050000000000000004 /* Views */ = {
			isa = PBXGroup;
			children = (
				E10000020000000000000007 /* FlashcardView.swift */,
				E10000020000000000000008 /* DeckListView.swift */,
				E10000020000000000000009 /* StudySessionView.swift */,
				E10000020000000000000010 /* AddCardView.swift */,
				E10000020000000000000011 /* AddDeckView.swift */,
				E10000020000000000000021 /* AddLanguageView.swift */,
				E10000020000000000000022 /* WelcomeView.swift */,
			);
			path = Views;
			sourceTree = "<group>";
		};
		E10000050000000000000007 /* Data */ = {
			isa = PBXGroup;
			children = (
				E10000020000000000000012 /* SeedDataManager.swift */,
				E10000020000000000000013 /* ItalianWords.swift */,
				E10000020000000000000014 /* RussianWords.swift */,
				E10000020000000000000015 /* JapaneseWords.swift */,
				E10000020000000000000016 /* DutchWords.swift */,
				E10000020000000000000017 /* GermanWords.swift */,
				E10000020000000000000019 /* CroatianWords.swift */,
				E10000020000000000000020 /* LanguageRegistry.swift */,
				E10000020000000000000023 /* SpanishWords.swift */,
				E10000020000000000000024 /* FrenchWords.swift */,
				E10000020000000000000025 /* PortugueseWords.swift */,
				E10000020000000000000026 /* KoreanWords.swift */,
				E10000020000000000000027 /* ChineseWords.swift */,
				E10000020000000000000028 /* TurkishWords.swift */,
				E10000020000000000000029 /* PolishWords.swift */,
				E10000020000000000000030 /* ArabicWords.swift */,
			);
			path = Data;
			sourceTree = "<group>";
		};
		E10000050000000000000005 /* Products */ = {
			isa = PBXGroup;
			children = (
				E10000030000000000000001 /* TangoKado.app */,
			);
			name = Products;
			sourceTree = "<group>";
		};
		E10000050000000000000006 /* Preview Content */ = {
			isa = PBXGroup;
			children = (
				E10000020000000000000004 /* Preview Assets.xcassets */,
			);
			path = "Preview Content";
			sourceTree = "<group>";
		};
/* End PBXGroup section */

/* Begin PBXNativeTarget section */
		E10000060000000000000001 /* TangoKado */ = {
			isa = PBXNativeTarget;
			buildConfigurationList = E10000080000000000000001 /* Build configuration list for PBXNativeTarget "TangoKado" */;
			buildPhases = (
				E10000070000000000000001 /* Sources */,
				E10000040000000000000001 /* Frameworks */,
				E10000070000000000000002 /* Resources */,
			);
			buildRules = (
			);
			dependencies = (
			);
			name = TangoKado;
			productName = TangoKado;
			productReference = E10000030000000000000001 /* TangoKado.app */;
			productType = "com.apple.product-type.application";
		};
/* End PBXNativeTarget section */

/* Begin PBXProject section */
		E10000090000000000000001 /* Project object */ = {
			isa = PBXProject;
			attributes = {
				BuildIndependentTargetsInParallel = 1;
				LastSwiftUpdateCheck = 1500;
				LastUpgradeCheck = 1500;
				TargetAttributes = {
					E10000060000000000000001 = {
						CreatedOnToolsVersion = 15.0;
					};
				};
			};
			buildConfigurationList = E10000080000000000000002 /* Build configuration list for PBXProject "TangoKado" */;
			compatibilityVersion = "Xcode 14.0";
			developmentRegion = en;
			hasScannedForEncodings = 0;
			knownRegions = (
				en,
				Base,
				ja,
			);
			mainGroup = E10000050000000000000001;
			productRefGroup = E10000050000000000000005 /* Products */;
			projectDirPath = "";
			projectRoot = "";
			targets = (
				E10000060000000000000001 /* TangoKado */,
			);
		};
/* End PBXProject section */

/* Begin PBXResourcesBuildPhase section */
		E10000070000000000000002 /* Resources */ = {
			isa = PBXResourcesBuildPhase;
			buildActionMask = 2147483647;
			files = (
				E10000010000000000000004 /* Preview Assets.xcassets in Resources */,
				E10000010000000000000003 /* Assets.xcassets in Resources */,
			);
			runOnlyForDeploymentPostprocessing = 0;
		};
/* End PBXResourcesBuildPhase section */

/* Begin PBXSourcesBuildPhase section */
		E10000070000000000000001 /* Sources */ = {
			isa = PBXSourcesBuildPhase;
			buildActionMask = 2147483647;
			files = (
				E10000010000000000000001 /* TangoKadoApp.swift in Sources */,
				E10000010000000000000002 /* ContentView.swift in Sources */,
				E10000010000000000000005 /* Flashcard.swift in Sources */,
				E10000010000000000000006 /* Deck.swift in Sources */,
				E10000010000000000000007 /* FlashcardView.swift in Sources */,
				E10000010000000000000008 /* DeckListView.swift in Sources */,
				E10000010000000000000009 /* StudySessionView.swift in Sources */,
				E10000010000000000000010 /* AddCardView.swift in Sources */,
				E10000010000000000000011 /* AddDeckView.swift in Sources */,
				E10000010000000000000012 /* SeedDataManager.swift in Sources */,
				E10000010000000000000013 /* ItalianWords.swift in Sources */,
				E10000010000000000000014 /* RussianWords.swift in Sources */,
				E10000010000000000000015 /* JapaneseWords.swift in Sources */,
				E10000010000000000000016 /* DutchWords.swift in Sources */,
				E10000010000000000000017 /* GermanWords.swift in Sources */,
				E10000010000000000000018 /* SpeechHelper.swift in Sources */,
				E10000010000000000000019 /* CroatianWords.swift in Sources */,
				E10000010000000000000020 /* LanguageRegistry.swift in Sources */,
				E10000010000000000000021 /* AddLanguageView.swift in Sources */,
				E10000010000000000000022 /* WelcomeView.swift in Sources */,
				E10000010000000000000023 /* SpanishWords.swift in Sources */,
				E10000010000000000000024 /* FrenchWords.swift in Sources */,
				E10000010000000000000025 /* PortugueseWords.swift in Sources */,
				E10000010000000000000026 /* KoreanWords.swift in Sources */,
				E10000010000000000000027 /* ChineseWords.swift in Sources */,
				E10000010000000000000028 /* TurkishWords.swift in Sources */,
				E10000010000000000000029 /* PolishWords.swift in Sources */,
				E10000010000000000000030 /* ArabicWords.swift in Sources */,
			);
			runOnlyForDeploymentPostprocessing = 0;
		};
/* End PBXSourcesBuildPhase section */

/* Begin XCBuildConfiguration section */
		E1000000A000000000000001 /* Debug */ = {
			isa = XCBuildConfiguration;
			buildSettings = {
				ALWAYS_SEARCH_USER_PATHS = NO;
				ASSETCATALOG_COMPILER_GENERATE_SWIFT_ASSET_SYMBOL_EXTENSIONS = YES;
				CLANG_ANALYZER_NONNULL = YES;
				CLANG_ANALYZER_NUMBER_OBJECT_CONVERSION = YES_AGGRESSIVE;
				CLANG_CXX_LANGUAGE_STANDARD = "gnu++20";
				CLANG_ENABLE_MODULES = YES;
				CLANG_ENABLE_OBJC_ARC = YES;
				CLANG_ENABLE_OBJC_WEAK = YES;
				CLANG_WARN_BLOCK_CAPTURE_AUTORELEASING = YES;
				CLANG_WARN_BOOL_CONVERSION = YES;
				CLANG_WARN_COMMA = YES;
				CLANG_WARN_CONSTANT_CONVERSION = YES;
				CLANG_WARN_DEPRECATED_OBJC_IMPLEMENTATIONS = YES;
				CLANG_WARN_DIRECT_OBJC_ISA_USAGE = YES_ERROR;
				CLANG_WARN_DOCUMENTATION_COMMENTS = YES;
				CLANG_WARN_EMPTY_BODY = YES;
				CLANG_WARN_ENUM_CONVERSION = YES;
				CLANG_WARN_INFINITE_RECURSION = YES;
				CLANG_WARN_INT_CONVERSION = YES;
				CLANG_WARN_NON_LITERAL_NULL_CONVERSION = YES;
				CLANG_WARN_OBJC_IMPLICIT_RETAIN_SELF = YES;
				CLANG_WARN_OBJC_LITERAL_CONVERSION = YES;
				CLANG_WARN_OBJC_ROOT_CLASS = YES_ERROR;
				CLANG_WARN_QUOTED_INCLUDE_IN_FRAMEWORK_HEADER = YES;
				CLANG_WARN_RANGE_LOOP_ANALYSIS = YES;
				CLANG_WARN_STRICT_PROTOTYPES = YES;
				CLANG_WARN_SUSPICIOUS_MOVE = YES;
				CLANG_WARN_UNGUARDED_AVAILABILITY = YES_AGGRESSIVE;
				CLANG_WARN_UNREACHABLE_CODE = YES;
				CLANG_WARN__DUPLICATE_METHOD_MATCH = YES;
				COPY_PHASE_STRIP = NO;
				DEBUG_INFORMATION_FORMAT = dwarf;
				ENABLE_STRICT_OBJC_MSGSEND = YES;
				ENABLE_TESTABILITY = YES;
				ENABLE_USER_SCRIPT_SANDBOXING = YES;
				GCC_C_LANGUAGE_STANDARD = gnu17;
				GCC_DYNAMIC_NO_PIC = NO;
				GCC_NO_COMMON_BLOCKS = YES;
				GCC_OPTIMIZATION_LEVEL = 0;
				GCC_PREPROCESSOR_DEFINITIONS = (
					"DEBUG=1",
					"$(inherited)",
				);
				GCC_WARN_64_TO_32_BIT_CONVERSION = YES;
				GCC_WARN_ABOUT_RETURN_TYPE = YES_ERROR;
				GCC_WARN_UNDECLARED_SELECTOR = YES;
				GCC_WARN_UNINITIALIZED_AUTOS = YES_AGGRESSIVE;
				GCC_WARN_UNUSED_FUNCTION = YES;
				GCC_WARN_UNUSED_VARIABLE = YES;
				IPHONEOS_DEPLOYMENT_TARGET = 17.0;
				LOCALIZATION_PREFERS_STRING_CATALOGS = YES;
				MTL_ENABLE_DEBUG_INFO = INCLUDE_SOURCE;
				MTL_FAST_MATH = YES;
				ONLY_ACTIVE_ARCH = YES;
				SDKROOT = iphoneos;
				SWIFT_ACTIVE_COMPILATION_CONDITIONS = "DEBUG $(inherited)";
				SWIFT_OPTIMIZATION_LEVEL = "-Onone";
			};
			name = Debug;
		};
		E1000000A000000000000002 /* Release */ = {
			isa = XCBuildConfiguration;
			buildSettings = {
				ALWAYS_SEARCH_USER_PATHS = NO;
				ASSETCATALOG_COMPILER_GENERATE_SWIFT_ASSET_SYMBOL_EXTENSIONS = YES;
				CLANG_ANALYZER_NONNULL = YES;
				CLANG_ANALYZER_NUMBER_OBJECT_CONVERSION = YES_AGGRESSIVE;
				CLANG_CXX_LANGUAGE_STANDARD = "gnu++20";
				CLANG_ENABLE_MODULES = YES;
				CLANG_ENABLE_OBJC_ARC = YES;
				CLANG_ENABLE_OBJC_WEAK = YES;
				CLANG_WARN_BLOCK_CAPTURE_AUTORELEASING = YES;
				CLANG_WARN_BOOL_CONVERSION = YES;
				CLANG_WARN_COMMA = YES;
				CLANG_WARN_CONSTANT_CONVERSION = YES;
				CLANG_WARN_DEPRECATED_OBJC_IMPLEMENTATIONS = YES;
				CLANG_WARN_DIRECT_OBJC_ISA_USAGE = YES_ERROR;
				CLANG_WARN_DOCUMENTATION_COMMENTS = YES;
				CLANG_WARN_EMPTY_BODY = YES;
				CLANG_WARN_ENUM_CONVERSION = YES;
				CLANG_WARN_INFINITE_RECURSION = YES;
				CLANG_WARN_INT_CONVERSION = YES;
				CLANG_WARN_NON_LITERAL_NULL_CONVERSION = YES;
				CLANG_WARN_OBJC_IMPLICIT_RETAIN_SELF = YES;
				CLANG_WARN_OBJC_LITERAL_CONVERSION = YES;
				CLANG_WARN_OBJC_ROOT_CLASS = YES_ERROR;
				CLANG_WARN_QUOTED_INCLUDE_IN_FRAMEWORK_HEADER = YES;
				CLANG_WARN_RANGE_LOOP_ANALYSIS = YES;
				CLANG_WARN_STRICT_PROTOTYPES = YES;
				CLANG_WARN_SUSPICIOUS_MOVE = YES;
				CLANG_WARN_UNGUARDED_AVAILABILITY = YES_AGGRESSIVE;
				CLANG_WARN_UNREACHABLE_CODE = YES;
				CLANG_WARN__DUPLICATE_METHOD_MATCH = YES;
				COPY_PHASE_STRIP = NO;
				DEBUG_INFORMATION_FORMAT = "dwarf-with-dsym";
				ENABLE_NS_ASSERTIONS = NO;
				ENABLE_STRICT_OBJC_MSGSEND = YES;
				ENABLE_USER_SCRIPT_SANDBOXING = YES;
				GCC_C_LANGUAGE_STANDARD = gnu17;
				GCC_NO_COMMON_BLOCKS = YES;
				GCC_WARN_64_TO_32_BIT_CONVERSION = YES;
				GCC_WARN_ABOUT_RETURN_TYPE = YES_ERROR;
				GCC_WARN_UNDECLARED_SELECTOR = YES;
				GCC_WARN_UNINITIALIZED_AUTOS = YES_AGGRESSIVE;
				GCC_WARN_UNUSED_FUNCTION = YES;
				GCC_WARN_UNUSED_VARIABLE = YES;
				IPHONEOS_DEPLOYMENT_TARGET = 17.0;
				LOCALIZATION_PREFERS_STRING_CATALOGS = YES;
				MTL_ENABLE_DEBUG_INFO = NO;
				MTL_FAST_MATH = YES;
				SDKROOT = iphoneos;
				SWIFT_COMPILATION_MODE = wholemodule;
				VALIDATE_PRODUCT = YES;
			};
			name = Release;
		};
		E1000000A000000000000003 /* Debug */ = {
			isa = XCBuildConfiguration;
			buildSettings = {
				ASSETCATALOG_COMPILER_APPICON_NAME = AppIcon;
				ASSETCATALOG_COMPILER_GLOBAL_ACCENT_COLOR_NAME = AccentColor;
				CODE_SIGN_STYLE = Automatic;
				CURRENT_PROJECT_VERSION = 1;
				DEVELOPMENT_ASSET_PATHS = "\"TangoKado/Preview Content\"";
				DEVELOPMENT_TEAM = PWK97K796W;
				ENABLE_PREVIEWS = YES;
				GENERATE_INFOPLIST_FILE = YES;
				INFOPLIST_KEY_CFBundleDisplayName = TangoKado;
				INFOPLIST_KEY_UIApplicationSceneManifest_Generation = YES;
				INFOPLIST_KEY_UIApplicationSupportsIndirectInputEvents = YES;
				INFOPLIST_KEY_UILaunchScreen_Generation = YES;
				INFOPLIST_KEY_UISupportedInterfaceOrientations_iPad = "UIInterfaceOrientationPortrait UIInterfaceOrientationPortraitUpsideDown UIInterfaceOrientationLandscapeLeft UIInterfaceOrientationLandscapeRight";
				INFOPLIST_KEY_UISupportedInterfaceOrientations_iPhone = "UIInterfaceOrientationPortrait UIInterfaceOrientationLandscapeLeft UIInterfaceOrientationLandscapeRight";
				LD_RUNPATH_SEARCH_PATHS = (
					"$(inherited)",
					"@executable_path/Frameworks",
				);
				MARKETING_VERSION = 1.0;
				PRODUCT_BUNDLE_IDENTIFIER = com.tangokado.app;
				PRODUCT_NAME = "$(TARGET_NAME)";
				SWIFT_EMIT_LOC_STRINGS = YES;
				SWIFT_VERSION = 5.0;
				TARGETED_DEVICE_FAMILY = "1,2";
			};
			name = Debug;
		};
		E1000000A000000000000004 /* Release */ = {
			isa = XCBuildConfiguration;
			buildSettings = {
				ASSETCATALOG_COMPILER_APPICON_NAME = AppIcon;
				ASSETCATALOG_COMPILER_GLOBAL_ACCENT_COLOR_NAME = AccentColor;
				CODE_SIGN_STYLE = Automatic;
				CURRENT_PROJECT_VERSION = 1;
				DEVELOPMENT_ASSET_PATHS = "\"TangoKado/Preview Content\"";
				DEVELOPMENT_TEAM = PWK97K796W;
				ENABLE_PREVIEWS = YES;
				GENERATE_INFOPLIST_FILE = YES;
				INFOPLIST_KEY_CFBundleDisplayName = TangoKado;
				INFOPLIST_KEY_UIApplicationSceneManifest_Generation = YES;
				INFOPLIST_KEY_UIApplicationSupportsIndirectInputEvents = YES;
				INFOPLIST_KEY_UILaunchScreen_Generation = YES;
				INFOPLIST_KEY_UISupportedInterfaceOrientations_iPad = "UIInterfaceOrientationPortrait UIInterfaceOrientationPortraitUpsideDown UIInterfaceOrientationLandscapeLeft UIInterfaceOrientationLandscapeRight";
				INFOPLIST_KEY_UISupportedInterfaceOrientations_iPhone = "UIInterfaceOrientationPortrait UIInterfaceOrientationLandscapeLeft UIInterfaceOrientationLandscapeRight";
				LD_RUNPATH_SEARCH_PATHS = (
					"$(inherited)",
					"@executable_path/Frameworks",
				);
				MARKETING_VERSION = 1.0;
				PRODUCT_BUNDLE_IDENTIFIER = com.tangokado.app;
				PRODUCT_NAME = "$(TARGET_NAME)";
				SWIFT_EMIT_LOC_STRINGS = YES;
				SWIFT_VERSION = 5.0;
				TARGETED_DEVICE_FAMILY = "1,2";
			};
			name = Release;
		};
/* End XCBuildConfiguration section */

/* Begin XCConfigurationList section */
		E10000080000000000000001 /* Build configuration list for PBXNativeTarget "TangoKado" */ = {
			isa = XCConfigurationList;
			buildConfigurations = (
				E1000000A000000000000003 /* Debug */,
				E1000000A000000000000004 /* Release */,
			);
			defaultConfigurationIsVisible = 0;
			defaultConfigurationName = Release;
		};
		E10000080000000000000002 /* Build configuration list for PBXProject "TangoKado" */ = {
			isa = XCConfigurationList;
			buildConfigurations = (
				E1000000A000000000000001 /* Debug */,
				E1000000A000000000000002 /* Release */,
			);
			defaultConfigurationIsVisible = 0;
			defaultConfigurationName = Release;
		};
/* End XCConfigurationList section */
	};
	rootObject = E10000090000000000000001 /* Project object */;
}
